// !$*UTF8*$!
{
	archiveVersion = 1;
	classes = {
	};
	objectVersion = 46;
	objects = {

/* Begin PBXBuildFile section */
		95C8CA371D794BA100A7E77D /* AppDelegate.swift in Sources */ = {isa = PBXBuildFile; fileRef = 95C8CA361D794BA100A7E77D /* AppDelegate.swift */; };
		95C8CA3C1D794BA100A7E77D /* Main.storyboard in Resources */ = {isa = PBXBuildFile; fileRef = 95C8CA3A1D794BA100A7E77D /* Main.storyboard */; };
		95C8CA3E1D794BA100A7E77D /* Assets.xcassets in Resources */ = {isa = PBXBuildFile; fileRef = 95C8CA3D1D794BA100A7E77D /* Assets.xcassets */; };
		95C8CA411D794BA100A7E77D /* LaunchScreen.storyboard in Resources */ = {isa = PBXBuildFile; fileRef = 95C8CA3F1D794BA100A7E77D /* LaunchScreen.storyboard */; };
		95C8CA491D794E0400A7E77D /* filmTableViewCell.swift in Sources */ = {isa = PBXBuildFile; fileRef = 95C8CA481D794E0400A7E77D /* filmTableViewCell.swift */; };
		95C8CA4B1D794F1F00A7E77D /* TableViewController.swift in Sources */ = {isa = PBXBuildFile; fileRef = 95C8CA4A1D794F1F00A7E77D /* TableViewController.swift */; };
		95C8CA4D1D79523B00A7E77D /* MovieSynopsisViewController.swift in Sources */ = {isa = PBXBuildFile; fileRef = 95C8CA4C1D79523B00A7E77D /* MovieSynopsisViewController.swift */; };
		95C8CA4F1D7964B500A7E77D /* SignViewController.swift in Sources */ = {isa = PBXBuildFile; fileRef = 95C8CA4E1D7964B500A7E77D /* SignViewController.swift */; };
/* End PBXBuildFile section */

/* Begin PBXFileReference section */
		95C8CA331D794BA100A7E77D /* MidtermExam.app */ = {isa = PBXFileReference; explicitFileType = wrapper.application; includeInIndex = 0; path = MidtermExam.app; sourceTree = BUILT_PRODUCTS_DIR; };
		95C8CA361D794BA100A7E77D /* AppDelegate.swift */ = {isa = PBXFileReference; lastKnownFileType = sourcecode.swift; path = AppDelegate.swift; sourceTree = "<group>"; };
		95C8CA3B1D794BA100A7E77D /* Base */ = {isa = PBXFileReference; lastKnownFileType = file.storyboard; name = Base; path = Base.lproj/Main.storyboard; sourceTree = "<group>"; };
		95C8CA3D1D794BA100A7E77D /* Assets.xcassets */ = {isa = PBXFileReference; lastKnownFileType = folder.assetcatalog; path = Assets.xcassets; sourceTree = "<group>"; };
		95C8CA401D794BA100A7E77D /* Base */ = {isa = PBXFileReference; lastKnownFileType = file.storyboard; name = Base; path = Base.lproj/LaunchScreen.storyboard; sourceTree = "<group>"; };
		95C8CA421D794BA100A7E77D /* Info.plist */ = {isa = PBXFileReference; lastKnownFileType = text.plist.xml; path = Info.plist; sourceTree = "<group>"; };
		95C8CA481D794E0400A7E77D /* filmTableViewCell.swift */ = {isa = PBXFileReference; fileEncoding = 4; lastKnownFileType = sourcecode.swift; path = filmTableViewCell.swift; sourceTree = "<group>"; };
		95C8CA4A1D794F1F00A7E77D /* TableViewController.swift */ = {isa = PBXFileReference; fileEncoding = 4; lastKnownFileType = sourcecode.swift; path = TableViewController.swift; sourceTree = "<group>"; };
		95C8CA4C1D79523B00A7E77D /* MovieSynopsisViewController.swift */ = {isa = PBXFileReference; fileEncoding = 4; lastKnownFileType = sourcecode.swift; path = MovieSynopsisViewController.swift; sourceTree = "<group>"; };
		95C8CA4E1D7964B500A7E77D /* SignViewController.swift */ = {isa = PBXFileReference; fileEncoding = 4; lastKnownFileType = sourcecode.swift; path = SignViewController.swift; sourceTree = "<group>"; };
/* End PBXFileReference section */

/* Begin PBXFrameworksBuildPhase section */
		95C8CA301D794BA100A7E77D /* Frameworks */ = {
			isa = PBXFrameworksBuildPhase;
			buildActionMask = 2147483647;
			files = (
			);
			runOnlyForDeploymentPostprocessing = 0;
		};
/* End PBXFrameworksBuildPhase section */

/* Begin PBXGroup section */
		95C8CA2A1D794BA100A7E77D = {
			isa = PBXGroup;
			children = (
				95C8CA351D794BA100A7E77D /* MidtermExam */,
				95C8CA341D794BA100A7E77D /* Products */,
			);
			sourceTree = "<group>";
		};
		95C8CA341D794BA100A7E77D /* Products */ = {
			isa = PBXGroup;
			children = (
				95C8CA331D794BA100A7E77D /* MidtermExam.app */,
			);
			name = Products;
			sourceTree = "<group>";
		};
		95C8CA351D794BA100A7E77D /* MidtermExam */ = {
			isa = PBXGroup;
			children = (
				95C8CA361D794BA100A7E77D /* AppDelegate.swift */,
				95C8CA3A1D794BA100A7E77D /* Main.storyboard */,
				95C8CA3D1D794BA100A7E77D /* Assets.xcassets */,
				95C8CA3F1D794BA100A7E77D /* LaunchScreen.storyboard */,
				95C8CA421D794BA100A7E77D /* Info.plist */,
				95C8CA481D794E0400A7E77D /* filmTableViewCell.swift */,
				95C8CA4A1D794F1F00A7E77D /* TableViewController.swift */,
				95C8CA4C1D79523B00A7E77D /* MovieSynopsisViewController.swift */,
				95C8CA4E1D7964B500A7E77D /* SignViewController.swift */,
			);
			path = MidtermExam;
			sourceTree = "<group>";
		};
/* End PBXGroup section */

/* Begin PBXNativeTarget section */
		95C8CA321D794BA100A7E77D /* MidtermExam */ = {
			isa = PBXNativeTarget;
			buildConfigurationList = 95C8CA451D794BA100A7E77D /* Build configuration list for PBXNativeTarget "MidtermExam" */;
			buildPhases = (
				95C8CA2F1D794BA100A7E77D /* Sources */,
				95C8CA301D794BA100A7E77D /* Frameworks */,
				95C8CA311D794BA100A7E77D /* Resources */,
			);
			buildRules = (
			);
			dependencies = (
			);
			name = MidtermExam;
			productName = MidtermExam;
			productReference = 95C8CA331D794BA100A7E77D /* MidtermExam.app */;
			productType = "com.apple.product-type.application";
		};
/* End PBXNativeTarget section */

/* Begin PBXProject section */
		95C8CA2B1D794BA100A7E77D /* Project object */ = {
			isa = PBXProject;
			attributes = {
				LastSwiftUpdateCheck = 0730;
				LastUpgradeCheck = 0730;
				ORGANIZATIONNAME = UI;
				TargetAttributes = {
					95C8CA321D794BA100A7E77D = {
						CreatedOnToolsVersion = 7.3.1;
					};
				};
			};
			buildConfigurationList = 95C8CA2E1D794BA100A7E77D /* Build configuration list for PBXProject "MidtermExam" */;
			compatibilityVersion = "Xcode 3.2";
			developmentRegion = English;
			hasScannedForEncodings = 0;
			knownRegions = (
				en,
				Base,
			);
			mainGroup = 95C8CA2A1D794BA100A7E77D;
			productRefGroup = 95C8CA341D794BA100A7E77D /* Products */;
			projectDirPath = "";
			projectRoot = "";
			targets = (
				95C8CA321D794BA100A7E77D /* MidtermExam */,
			);
		};
/* End PBXProject section */

/* Begin PBXResourcesBuildPhase section */
		95C8CA311D794BA100A7E77D /* Resources */ = {
			isa = PBXResourcesBuildPhase;
			buildActionMask = 2147483647;
			files = (
				95C8CA411D794BA100A7E77D /* LaunchScreen.storyboard in Resources */,
				95C8CA3E1D794BA100A7E77D /* Assets.xcassets in Resources */,
				95C8CA3C1D794BA100A7E77D /* Main.storyboard in Resources */,
			);
			runOnlyForDeploymentPostprocessing = 0;
		};
/* End PBXResourcesBuildPhase section */

/* Begin PBXSourcesBuildPhase section */
		95C8CA2F1D794BA100A7E77D /* Sources */ = {
			isa = PBXSourcesBuildPhase;
			buildActionMask = 2147483647;
			files = (
				95C8CA491D794E0400A7E77D /* filmTableViewCell.swift in Sources */,
				95C8CA4D1D79523B00A7E77D /* MovieSynopsisViewController.swift in Sources */,
				95C8CA4F1D7964B500A7E77D /* SignViewController.swift in Sources */,
				95C8CA371D794BA100A7E77D /* AppDelegate.swift in Sources */,
				95C8CA4B1D794F1F00A7E77D /* TableViewController.swift in Sources */,
			);
			runOnlyForDeploymentPostprocessing = 0;
		};
/* End PBXSourcesBuildPhase section */

/* Begin PBXVariantGroup section */
		95C8CA3A1D794BA100A7E77D /* Main.storyboard */ = {
			isa = PBXVariantGroup;
			children = (
				95C8CA3B1D794BA100A7E77D /* Base */,
			);
			name = Main.storyboard;
			sourceTree = "<group>";
		};
		95C8CA3F1D794BA100A7E77D /* LaunchScreen.storyboard */ = {
			isa = PBXVariantGroup;
			children = (
				95C8CA401D794BA100A7E77D /* Base */,
			);
			name = LaunchScreen.storyboard;
			sourceTree = "<group>";
		};
/* End PBXVariantGroup section */

/* Begin XCBuildConfiguration section */
		95C8CA431D794BA100A7E77D /* Debug */ = {
			isa = XCBuildConfiguration;
			buildSettings = {
				ALWAYS_SEARCH_USER_PATHS = NO;
				CLANG_ANALYZER_NONNULL = YES;
				CLANG_CXX_LANGUAGE_STANDARD = "gnu++0x";
				CLANG_CXX_LIBRARY = "libc++";
				CLANG_ENABLE_MODULES = YES;
				CLANG_ENABLE_OBJC_ARC = YES;
				CLANG_WARN_BOOL_CONVERSION = YES;
				CLANG_WARN_CONSTANT_CONVERSION = YES;
				CLANG_WARN_DIRECT_OBJC_ISA_USAGE = YES_ERROR;
				CLANG_WARN_EMPTY_BODY = YES;
				CLANG_WARN_ENUM_CONVERSION = YES;
				CLANG_WARN_INT_CONVERSION = YES;
				CLANG_WARN_OBJC_ROOT_CLASS = YES_ERROR;
				CLANG_WARN_UNREACHABLE_CODE = YES;
				CLANG_WARN__DUPLICATE_METHOD_MATCH = YES;
				"CODE_SIGN_IDENTITY[sdk=iphoneos*]" = "iPhone Developer";
				COPY_PHASE_STRIP = NO;
				DEBUG_INFORMATION_FORMAT = dwarf;
				ENABLE_STRICT_OBJC_MSGSEND = YES;
				ENABLE_TESTABILITY = YES;
				GCC_C_LANGUAGE_STANDARD = gnu99;
				GCC_DYNAMIC_NO_PIC = NO;
				GCC_NO_COMMON_BLOCKS = YES;
				GCC_OPTIMIZATION_LEVEL = 0;
				GCC_PREPROCESSOR_DEFINITIONS = (
					"DEBUG=1",
					"$(inherited)",
				);
				GCC_WARN_64_TO_32_BIT_CONVERSION = YES;
				GCC_WARN_ABOUT_RETURN_TYPE = YES_ERROR;
				GCC_WARN_UNDECLARED_SELECTOR = YES;
				GCC_WARN_UNINITIALIZED_AUTOS = YES_AGGRESSIVE;
				GCC_WARN_UNUSED_FUNCTION = YES;
				GCC_WARN_UNUSED_VARIABLE = YES;
				IPHONEOS_DEPLOYMENT_TARGET = 9.3;
				MTL_ENABLE_DEBUG_INFO = YES;
				ONLY_ACTIVE_ARCH = YES;
				SDKROOT = iphoneos;
				SWIFT_OPTIMIZATION_LEVEL = "-Onone";
			};
			name = Debug;
		};
		95C8CA441D794BA100A7E77D /* Release */ = {
			isa = XCBuildConfiguration;
			buildSettings = {
				ALWAYS_SEARCH_USER_PATHS = NO;
				CLANG_ANALYZER_NONNULL = YES;
				CLANG_CXX_LANGUAGE_STANDARD = "gnu++0x";
				CLANG_CXX_LIBRARY = "libc++";
				CLANG_ENABLE_MODULES = YES;
				CLANG_ENABLE_OBJC_ARC = YES;
				CLANG_WARN_BOOL_CONVERSION = YES;
				CLANG_WARN_CONSTANT_CONVERSION = YES;
				CLANG_WARN_DIRECT_OBJC_ISA_USAGE = YES_ERROR;
				CLANG_WARN_EMPTY_BODY = YES;
				CLANG_WARN_ENUM_CONVERSION = YES;
				CLANG_WARN_INT_CONVERSION = YES;
				CLANG_WARN_OBJC_ROOT_CLASS = YES_ERROR;
				CLANG_WARN_UNREACHABLE_CODE = YES;
				CLANG_WARN__DUPLICATE_METHOD_MATCH = YES;
				"CODE_SIGN_IDENTITY[sdk=iphoneos*]" = "iPhone Developer";
				COPY_PHASE_STRIP = NO;
				DEBUG_INFORMATION_FORMAT = "dwarf-with-dsym";
				ENABLE_NS_ASSERTIONS = NO;
				ENABLE_STRICT_OBJC_MSGSEND = YES;
				GCC_C_LANGUAGE_STANDARD = gnu99;
				GCC_NO_COMMON_BLOCKS = YES;
				GCC_WARN_64_TO_32_BIT_CONVERSION = YES;
				GCC_WARN_ABOUT_RETURN_TYPE = YES_ERROR;
				GCC_WARN_UNDECLARED_SELECTOR = YES;
				GCC_WARN_UNINITIALIZED_AUTOS = YES_AGGRESSIVE;
				GCC_WARN_UNUSED_FUNCTION = YES;
				GCC_WARN_UNUSED_VARIABLE = YES;
				IPHONEOS_DEPLOYMENT_TARGET = 9.3;
				MTL_ENABLE_DEBUG_INFO = NO;
				SDKROOT = iphoneos;
				VALIDATE_PRODUCT = YES;
			};
			name = Release;
		};
		95C8CA461D794BA100A7E77D /* Debug */ = {
			isa = XCBuildConfiguration;
			buildSettings = {
				ASSETCATALOG_COMPILER_APPICON_NAME = AppIcon;
				INFOPLIST_FILE = MidtermExam/Info.plist;
				LD_RUNPATH_SEARCH_PATHS = "$(inherited) @executable_path/Frameworks";
				PRODUCT_BUNDLE_IDENTIFIER = apple.MidtermExam;
				PRODUCT_NAME = "$(TARGET_NAME)";
			};
			name = Debug;
		};
		95C8CA471D794BA100A7E77D /* Release */ = {
			isa = XCBuildConfiguration;
			buildSettings = {
				ASSETCATALOG_COMPILER_APPICON_NAME = AppIcon;
				INFOPLIST_FILE = MidtermExam/Info.plist;
				LD_RUNPATH_SEARCH_PATHS = "$(inherited) @executable_path/Frameworks";
				PRODUCT_BUNDLE_IDENTIFIER = apple.MidtermExam;
				PRODUCT_NAME = "$(TARGET_NAME)";
			};
			name = Release;
		};
/* End XCBuildConfiguration section */

/* Begin XCConfigurationList section */
		95C8CA2E1D794BA100A7E77D /* Build configuration list for PBXProject "MidtermExam" */ = {
			isa = XCConfigurationList;
			buildConfigurations = (
				95C8CA431D794BA100A7E77D /* Debug */,
				95C8CA441D794BA100A7E77D /* Release */,
			);
			defaultConfigurationIsVisible = 0;
			defaultConfigurationName = Release;
		};
		95C8CA451D794BA100A7E77D /* Build configuration list for PBXNativeTarget "MidtermExam" */ = {
			isa = XCConfigurationList;
			buildConfigurations = (
				95C8CA461D794BA100A7E77D /* Debug */,
				95C8CA471D794BA100A7E77D /* Release */,
			);
			defaultConfigurationIsVisible = 0;
		};
/* End XCConfigurationList section */
	};
	rootObject = 95C8CA2B1D794BA100A7E77D /* Project object */;
}
